{
    "_meta": {
        "hash": {
            "sha256": "f9a44f33942b61ae5cf4057160bf8e0e891162ae8661c141f7a6457fbe00bcf4"
        },
        "pipfile-spec": 6,
        "requires": {
            "python_version": "3.12"
        },
        "sources": [
            {
                "name": "pypi",
                "url": "https://pypi.org/simple",
                "verify_ssl": true
            }
        ]
    },
    "default": {
        "sklearn.preprocessing": {
            "hashes": [
                "sha256:049c26b47c40a8c32d4352e82b0d52422e2d74cc643947696cd86f5a12af6cec",
                "sha256:b06a5fab7c80488defbb09e58f0933cb8264518c08b75c027e5587bae2929f99"
            ],
            "version": "==0.1.0"
        }
    },
    "develop": {}
}
